
Microsoft Visual Studio Solution File, Format Version 12.00
# Visual Studio Version 16
VisualStudioVersion = 16.0.34114.132
MinimumVisualStudioVersion = 10.0.40219.1
Project("{2150E333-8FDC-42A3-9474-1A3956D46DE8}") = "Task0", "Task0", "{9DC063C5-F194-46F5-BA53-F97E6EA3D289}"
EndProject
Project("{FAE04EC0-301F-11D3-BF4B-00C04F79EFBC}") = "Tyuiu.MusaevRS.Sprint4.Task0.V22", "Tyuiu.MusaevRS.Sprint4.Task0.V22\Tyuiu.MusaevRS.Sprint4.Task0.V22.csproj", "{8136D82A-64C6-4F63-B42B-D8EAE33835EF}"
EndProject
Project("{FAE04EC0-301F-11D3-BF4B-00C04F79EFBC}") = "Tyuiu.MusaevRS.Sprint4.Task0.V22.Test", "Tyuiu.MusaevRS.Sprint4.Task0.V22.Test\Tyuiu.MusaevRS.Sprint4.Task0.V22.Test.csproj", "{446349E8-00E5-4CB7-93C6-2D93F96CA615}"
EndProject
Project("{FAE04EC0-301F-11D3-BF4B-00C04F79EFBC}") = "Tyuiu.MusaevRS.Sprint4.Task0.V22.Lib", "Tyuiu.MusaevRS.Sprint4.Task0.V22.Lib\Tyuiu.MusaevRS.Sprint4.Task0.V22.Lib.csproj", "{DEC1EC4D-1895-4737-BAE4-8B83F2FA0778}"
EndProject
Project("{2150E333-8FDC-42A3-9474-1A3956D46DE8}") = "Task1", "Task1", "{37116537-F703-4CB4-A743-2C80ED41E9BD}"
EndProject
Project("{FAE04EC0-301F-11D3-BF4B-00C04F79EFBC}") = "Tyuiu.MusaevRS.Sprint4.Task1.V28.Lib", "Tyuiu.MusaevRS.Sprint4.Task1.V28.Lib\Tyuiu.MusaevRS.Sprint4.Task1.V28.Lib.csproj", "{1B3FFE81-BA9C-442B-8FFF-82A18493C9EA}"
EndProject
Project("{FAE04EC0-301F-11D3-BF4B-00C04F79EFBC}") = "Tyuiu.MusaevRS.Sprint4.Task1.V28.Test", "Tyuiu.MusaevRS.Sprint4.Task2.V28.Test\Tyuiu.MusaevRS.Sprint4.Task1.V28.Test.csproj", "{A135CF76-52E8-4C34-B403-82749C8D8A54}"
EndProject
Project("{FAE04EC0-301F-11D3-BF4B-00C04F79EFBC}") = "Tyuiu.MusaevRS.Sprint4.Task1.V28", "Tyuiu.MusaevRS.Sprint4.Task1.V28\Tyuiu.MusaevRS.Sprint4.Task1.V28.csproj", "{1A9E1210-196F-4B24-BB02-061456A9A616}"
EndProject
Project("{FAE04EC0-301F-11D3-BF4B-00C04F79EFBC}") = "Tyuiu.MusaevRS.Sprint4.Task2.V27", "Tyuiu.MusaevRS.Sprint4.Task2.V27\Tyuiu.MusaevRS.Sprint4.Task2.V27.csproj", "{B48283E8-67D6-4507-9249-B69B1C6FB909}"
EndProject
Project("{2150E333-8FDC-42A3-9474-1A3956D46DE8}") = "Task2", "Task2", "{1AE6A418-E841-49C3-A3E7-7B92CC9364E4}"
EndProject
Project("{FAE04EC0-301F-11D3-BF4B-00C04F79EFBC}") = "Tyuiu.MusaevRS.Sprint4.Task2.V27.Test", "Tyuiu.MusaevRS.Sprint4.Task2.V27.Test\Tyuiu.MusaevRS.Sprint4.Task2.V27.Test.csproj", "{FD80B26A-8DC8-43F8-A8B9-B4AB79187CAE}"
EndProject
Project("{FAE04EC0-301F-11D3-BF4B-00C04F79EFBC}") = "Tyuiu.MusaevRS.Sprint4.Task2.V27.Lib", "Tyuiu.MusaevRS.Sprint4.Task2.V27.Lib\Tyuiu.MusaevRS.Sprint4.Task2.V27.Lib.csproj", "{165BB7A6-69C7-49D7-BC09-558910651405}"
EndProject
Global
	GlobalSection(SolutionConfigurationPlatforms) = preSolution
		Debug|Any CPU = Debug|Any CPU
		Release|Any CPU = Release|Any CPU
	EndGlobalSection
	GlobalSection(ProjectConfigurationPlatforms) = postSolution
		{8136D82A-64C6-4F63-B42B-D8EAE33835EF}.Debug|Any CPU.ActiveCfg = Debug|Any CPU
		{8136D82A-64C6-4F63-B42B-D8EAE33835EF}.Debug|Any CPU.Build.0 = Debug|Any CPU
		{8136D82A-64C6-4F63-B42B-D8EAE33835EF}.Release|Any CPU.ActiveCfg = Release|Any CPU
		{8136D82A-64C6-4F63-B42B-D8EAE33835EF}.Release|Any CPU.Build.0 = Release|Any CPU
		{446349E8-00E5-4CB7-93C6-2D93F96CA615}.Debug|Any CPU.ActiveCfg = Debug|Any CPU
		{446349E8-00E5-4CB7-93C6-2D93F96CA615}.Debug|Any CPU.Build.0 = Debug|Any CPU
		{446349E8-00E5-4CB7-93C6-2D93F96CA615}.Release|Any CPU.ActiveCfg = Release|Any CPU
		{446349E8-00E5-4CB7-93C6-2D93F96CA615}.Release|Any CPU.Build.0 = Release|Any CPU
		{DEC1EC4D-1895-4737-BAE4-8B83F2FA0778}.Debug|Any CPU.ActiveCfg = Debug|Any CPU
		{DEC1EC4D-1895-4737-BAE4-8B83F2FA0778}.Debug|Any CPU.Build.0 = Debug|Any CPU
		{DEC1EC4D-1895-4737-BAE4-8B83F2FA0778}.Release|Any CPU.ActiveCfg = Release|Any CPU
		{DEC1EC4D-1895-4737-BAE4-8B83F2FA0778}.Release|Any CPU.Build.0 = Release|Any CPU
		{1B3FFE81-BA9C-442B-8FFF-82A18493C9EA}.Debug|Any CPU.ActiveCfg = Debug|Any CPU
		{1B3FFE81-BA9C-442B-8FFF-82A18493C9EA}.Debug|Any CPU.Build.0 = Debug|Any CPU
		{1B3FFE81-BA9C-442B-8FFF-82A18493C9EA}.Release|Any CPU.ActiveCfg = Release|Any CPU
		{1B3FFE81-BA9C-442B-8FFF-82A18493C9EA}.Release|Any CPU.Build.0 = Release|Any CPU
		{A135CF76-52E8-4C34-B403-82749C8D8A54}.Debug|Any CPU.ActiveCfg = Debug|Any CPU
		{A135CF76-52E8-4C34-B403-82749C8D8A54}.Debug|Any CPU.Build.0 = Debug|Any CPU
		{A135CF76-52E8-4C34-B403-82749C8D8A54}.Release|Any CPU.ActiveCfg = Release|Any CPU
		{A135CF76-52E8-4C34-B403-82749C8D8A54}.Release|Any CPU.Build.0 = Release|Any CPU
		{1A9E1210-196F-4B24-BB02-061456A9A616}.Debug|Any CPU.ActiveCfg = Debug|Any CPU
		{1A9E1210-196F-4B24-BB02-061456A9A616}.Debug|Any CPU.Build.0 = Debug|Any CPU
		{1A9E1210-196F-4B24-BB02-061456A9A616}.Release|Any CPU.ActiveCfg = Release|Any CPU
		{1A9E1210-196F-4B24-BB02-061456A9A616}.Release|Any CPU.Build.0 = Release|Any CPU
		{B48283E8-67D6-4507-9249-B69B1C6FB909}.Debug|Any CPU.ActiveCfg = Debug|Any CPU
		{B48283E8-67D6-4507-9249-B69B1C6FB909}.Debug|Any CPU.Build.0 = Debug|Any CPU
		{B48283E8-67D6-4507-9249-B69B1C6FB909}.Release|Any CPU.ActiveCfg = Release|Any CPU
		{B48283E8-67D6-4507-9249-B69B1C6FB909}.Release|Any CPU.Build.0 = Release|Any CPU
		{FD80B26A-8DC8-43F8-A8B9-B4AB79187CAE}.Debug|Any CPU.ActiveCfg = Debug|Any CPU
		{FD80B26A-8DC8-43F8-A8B9-B4AB79187CAE}.Debug|Any CPU.Build.0 = Debug|Any CPU
		{FD80B26A-8DC8-43F8-A8B9-B4AB79187CAE}.Release|Any CPU.ActiveCfg = Release|Any CPU
		{FD80B26A-8DC8-43F8-A8B9-B4AB79187CAE}.Release|Any CPU.Build.0 = Release|Any CPU
		{165BB7A6-69C7-49D7-BC09-558910651405}.Debug|Any CPU.ActiveCfg = Debug|Any CPU
		{165BB7A6-69C7-49D7-BC09-558910651405}.Debug|Any CPU.Build.0 = Debug|Any CPU
		{165BB7A6-69C7-49D7-BC09-558910651405}.Release|Any CPU.ActiveCfg = Release|Any CPU
		{165BB7A6-69C7-49D7-BC09-558910651405}.Release|Any CPU.Build.0 = Release|Any CPU
	EndGlobalSection
	GlobalSection(SolutionProperties) = preSolution
		HideSolutionNode = FALSE
	EndGlobalSection
	GlobalSection(NestedProjects) = preSolution
		{8136D82A-64C6-4F63-B42B-D8EAE33835EF} = {9DC063C5-F194-46F5-BA53-F97E6EA3D289}
		{446349E8-00E5-4CB7-93C6-2D93F96CA615} = {9DC063C5-F194-46F5-BA53-F97E6EA3D289}
		{DEC1EC4D-1895-4737-BAE4-8B83F2FA0778} = {9DC063C5-F194-46F5-BA53-F97E6EA3D289}
		{1B3FFE81-BA9C-442B-8FFF-82A18493C9EA} = {37116537-F703-4CB4-A743-2C80ED41E9BD}
		{A135CF76-52E8-4C34-B403-82749C8D8A54} = {37116537-F703-4CB4-A743-2C80ED41E9BD}
		{1A9E1210-196F-4B24-BB02-061456A9A616} = {37116537-F703-4CB4-A743-2C80ED41E9BD}
		{B48283E8-67D6-4507-9249-B69B1C6FB909} = {1AE6A418-E841-49C3-A3E7-7B92CC9364E4}
		{FD80B26A-8DC8-43F8-A8B9-B4AB79187CAE} = {1AE6A418-E841-49C3-A3E7-7B92CC9364E4}
		{165BB7A6-69C7-49D7-BC09-558910651405} = {1AE6A418-E841-49C3-A3E7-7B92CC9364E4}
	EndGlobalSection
	GlobalSection(ExtensibilityGlobals) = postSolution
		SolutionGuid = {067EA019-584D-49A8-BFCF-6376C9005D4E}
	EndGlobalSection
EndGlobal
