
Microsoft Visual Studio Solution File, Format Version 12.00
# Visual Studio Version 16
VisualStudioVersion = 16.0.34114.132
MinimumVisualStudioVersion = 10.0.40219.1
Project("{2150E333-8FDC-42A3-9474-1A3956D46DE8}") = "Task0", "Task0", "{9DC063C5-F194-46F5-BA53-F97E6EA3D289}"
EndProject
Project("{FAE04EC0-301F-11D3-BF4B-00C04F79EFBC}") = "Tyuiu.MusaevRS.Sprint4.Task0.V22", "Tyuiu.MusaevRS.Sprint4.Task0.V22\Tyuiu.MusaevRS.Sprint4.Task0.V22.csproj", "{8136D82A-64C6-4F63-B42B-D8EAE33835EF}"
EndProject
Project("{FAE04EC0-301F-11D3-BF4B-00C04F79EFBC}") = "Tyuiu.MusaevRS.Sprint4.Task0.V22.Test", "Tyuiu.MusaevRS.Sprint4.Task0.V22.Test\Tyuiu.MusaevRS.Sprint4.Task0.V22.Test.csproj", "{446349E8-00E5-4CB7-93C6-2D93F96CA615}"
EndProject
Project("{FAE04EC0-301F-11D3-BF4B-00C04F79EFBC}") = "Tyuiu.MusaevRS.Sprint4.Task0.V22.Lib", "Tyuiu.MusaevRS.Sprint4.Task0.V22.Lib\Tyuiu.MusaevRS.Sprint4.Task0.V22.Lib.csproj", "{DEC1EC4D-1895-4737-BAE4-8B83F2FA0778}"
EndProject
Project("{2150E333-8FDC-42A3-9474-1A3956D46DE8}") = "Task1", "Task1", "{37116537-F703-4CB4-A743-2C80ED41E9BD}"
EndProject
Project("{FAE04EC0-301F-11D3-BF4B-00C04F79EFBC}") = "Tyuiu.MusaevRS.Sprint4.Task1.V28.Lib", "Tyuiu.MusaevRS.Sprint4.Task1.V28.Lib\Tyuiu.MusaevRS.Sprint4.Task1.V28.Lib.csproj", "{1B3FFE81-BA9C-442B-8FFF-82A18493C9EA}"
EndProject
Project("{FAE04EC0-301F-11D3-BF4B-00C04F79EFBC}") = "Tyuiu.MusaevRS.Sprint4.Task1.V28", "Tyuiu.MusaevRS.Sprint4.Task1.V28\Tyuiu.MusaevRS.Sprint4.Task1.V28.csproj", "{1A9E1210-196F-4B24-BB02-061456A9A616}"
EndProject
Project("{FAE04EC0-301F-11D3-BF4B-00C04F79EFBC}") = "Tyuiu.MusaevRS.Sprint4.Task2.V27", "Tyuiu.MusaevRS.Sprint4.Task2.V27\Tyuiu.MusaevRS.Sprint4.Task2.V27.csproj", "{B48283E8-67D6-4507-9249-B69B1C6FB909}"
EndProject
Project("{2150E333-8FDC-42A3-9474-1A3956D46DE8}") = "Task2", "Task2", "{1AE6A418-E841-49C3-A3E7-7B92CC9364E4}"
EndProject
Project("{FAE04EC0-301F-11D3-BF4B-00C04F79EFBC}") = "Tyuiu.MusaevRS.Sprint4.Task2.V27.Test", "Tyuiu.MusaevRS.Sprint4.Task2.V27.Test\Tyuiu.MusaevRS.Sprint4.Task2.V27.Test.csproj", "{FD80B26A-8DC8-43F8-A8B9-B4AB79187CAE}"
EndProject
Project("{FAE04EC0-301F-11D3-BF4B-00C04F79EFBC}") = "Tyuiu.MusaevRS.Sprint4.Task2.V27.Lib", "Tyuiu.MusaevRS.Sprint4.Task2.V27.Lib\Tyuiu.MusaevRS.Sprint4.Task2.V27.Lib.csproj", "{165BB7A6-69C7-49D7-BC09-558910651405}"
EndProject
Project("{FAE04EC0-301F-11D3-BF4B-00C04F79EFBC}") = "Tyuiu.MusaevRS.Sprint4.Task1.V28.Test", "Tyuiu.MusaevRS.Sprint4.Task1.V28.Test\Tyuiu.MusaevRS.Sprint4.Task1.V28.Test.csproj", "{41D6275D-96F5-47D0-9DC1-0F512123AA25}"
EndProject
Project("{2150E333-8FDC-42A3-9474-1A3956D46DE8}") = "Task3", "Task3", "{29B04EB1-6CEA-4DC7-B411-09ADF3383950}"
EndProject
Project("{FAE04EC0-301F-11D3-BF4B-00C04F79EFBC}") = "Tyuiu.MusaevRS.Sprint4.Task3.V14", "Tyuiu.MusaevRS.Sprint4.Task3.V14\Tyuiu.MusaevRS.Sprint4.Task3.V14.csproj", "{19DC5D1D-2C0D-461C-99C6-304E0F1E86F4}"
EndProject
Project("{FAE04EC0-301F-11D3-BF4B-00C04F79EFBC}") = "Tyuiu.MusaevRS.Sprint4.Task3.V14.Test", "Tyuiu.MusaevRS.Sprint4.Task3.V14.Test\Tyuiu.MusaevRS.Sprint4.Task3.V14.Test.csproj", "{64CD8AFA-5A2A-4DC2-9A48-A2181724EA46}"
EndProject
Project("{FAE04EC0-301F-11D3-BF4B-00C04F79EFBC}") = "Tyuiu.MusaevRS.Sprint4.Task3.V14.Lib", "Tyuiu.MusaevRS.Sprint4.Task3.V14.Lib\Tyuiu.MusaevRS.Sprint4.Task3.V14.Lib.csproj", "{C951BD1D-2883-4C26-B71E-C6E821D933D9}"
EndProject
Project("{2150E333-8FDC-42A3-9474-1A3956D46DE8}") = "Task4", "Task4", "{295CD579-D9EE-4AD0-9C55-43480CADE98D}"
EndProject
Project("{FAE04EC0-301F-11D3-BF4B-00C04F79EFBC}") = "Tyuiu.MusaevRS.Sprint4.Task4.V3", "Tyuiu.MusaevRS.Sprint4.Task4.V3\Tyuiu.MusaevRS.Sprint4.Task4.V3.csproj", "{618B2A12-CC7F-49AE-8A73-C890C38CD4A4}"
EndProject
Project("{FAE04EC0-301F-11D3-BF4B-00C04F79EFBC}") = "Tyuiu.MusaevRS.Sprint4.Task4.V3.Lib", "Tyuiu.MusaevRS.Sprint4.Task4.V3.Lib\Tyuiu.MusaevRS.Sprint4.Task4.V3.Lib.csproj", "{F9ECBA0A-B82A-46FE-9EAE-D43671FC2762}"
EndProject
Project("{FAE04EC0-301F-11D3-BF4B-00C04F79EFBC}") = "Tyuiu.MusaevRS.Sprint4.Task4.V3.Test", "Tyuiu.MusaevRS.Sprint4.Task4.V3.Test\Tyuiu.MusaevRS.Sprint4.Task4.V3.Test.csproj", "{B32E6C47-8D70-4104-9559-4078627013C9}"
EndProject
Project("{FAE04EC0-301F-11D3-BF4B-00C04F79EFBC}") = "ConsoleApp2", "ConsoleApp2\ConsoleApp2.csproj", "{988AAC08-C40D-46C1-BD08-E24029BE0379}"
EndProject
Project("{2150E333-8FDC-42A3-9474-1A3956D46DE8}") = "Task5", "Task5", "{F4A8D852-421F-42D7-8085-172F90E063D3}"
EndProject
Project("{FAE04EC0-301F-11D3-BF4B-00C04F79EFBC}") = "Tyuiu.MusaevRS.Sprint4.Task5.V26", "Tyuiu.MusaevRS.Sprint4.Task5.V26\Tyuiu.MusaevRS.Sprint4.Task5.V26.csproj", "{F3E0D6D6-68FB-45FD-8314-95180F0DD6C9}"
EndProject
Project("{FAE04EC0-301F-11D3-BF4B-00C04F79EFBC}") = "Tyuiu.MusaevRS.Sprint4.Task5.V26.Test", "Tyuiu.MusaevRS.Sprint4.Task5.V26.Test\Tyuiu.MusaevRS.Sprint4.Task5.V26.Test.csproj", "{D67A5761-0E08-4970-8F55-50974A884FC6}"
EndProject
Project("{FAE04EC0-301F-11D3-BF4B-00C04F79EFBC}") = "Tyuiu.MusaevRS.Sprint4.Task5.V26.Lib", "Tyuiu.MusaevRS.Sprint4.Task5.V26.Lib\Tyuiu.MusaevRS.Sprint4.Task5.V26.Lib.csproj", "{6AA822F8-118D-487D-AF4B-94B3A00FDA0A}"
EndProject
Project("{2150E333-8FDC-42A3-9474-1A3956D46DE8}") = "Task6", "Task6", "{FE492FE5-3D5D-428F-9B2A-9F13544820E3}"
EndProject
Project("{FAE04EC0-301F-11D3-BF4B-00C04F79EFBC}") = "Tyuiu.MusaevRS.Sprint4.Task6.V11.Lib", "Tyuiu.MusaevRS.Sprint4.Task6.V11.Lib\Tyuiu.MusaevRS.Sprint4.Task6.V11.Lib.csproj", "{F00386B9-3C9E-4E41-9CDF-A6F0A21D369C}"
EndProject
Project("{FAE04EC0-301F-11D3-BF4B-00C04F79EFBC}") = "Tyuiu.MusaevRS.Sprint4.Task6.V11.Test", "Tyuiu.MusaevRS.Sprint4.Task6.V11.Test\Tyuiu.MusaevRS.Sprint4.Task6.V11.Test.csproj", "{E7564E5D-4E00-4D73-B605-87182399AA97}"
EndProject
Project("{FAE04EC0-301F-11D3-BF4B-00C04F79EFBC}") = "Tyuiu.MusaevRS.Sprint4.Task6.V11", "Tyuiu.MusaevRS.Sprint4.Task6.V11\Tyuiu.MusaevRS.Sprint4.Task6.V11.csproj", "{BB7FBDCB-2F8E-4F09-AB95-BBE2D0B28E1E}"
EndProject
Project("{2150E333-8FDC-42A3-9474-1A3956D46DE8}") = "Task7", "Task7", "{04E4F8B2-8325-4D63-B25D-8B351495A608}"
EndProject
Project("{FAE04EC0-301F-11D3-BF4B-00C04F79EFBC}") = "Tyuiu.MusaevRS.Sprint4.Task7.V23", "Tyuiu.MusaevRS.Sprint4.Task7.V23\Tyuiu.MusaevRS.Sprint4.Task7.V23.csproj", "{A597F160-3FF2-4A4E-A156-5AEAE1241F22}"
EndProject
Project("{FAE04EC0-301F-11D3-BF4B-00C04F79EFBC}") = "Tyuiu.MusaevRS.Sprint4.Task7.V23.Test", "Tyuiu.MusaevRS.Sprint4.Task7.V23.Test\Tyuiu.MusaevRS.Sprint4.Task7.V23.Test.csproj", "{6555872F-60E0-4424-87B5-01EF702F2C1D}"
EndProject
Project("{FAE04EC0-301F-11D3-BF4B-00C04F79EFBC}") = "Tyuiu.MusaevRS.Sprint4.Task7.V23.Lib", "Tyuiu.MusaevRS.Sprint4.Task7.V23.Lib\Tyuiu.MusaevRS.Sprint4.Task7.V23.Lib.csproj", "{BC873CFF-6635-4378-AB36-ABC34D977B19}"
EndProject
Global
	GlobalSection(SolutionConfigurationPlatforms) = preSolution
		Debug|Any CPU = Debug|Any CPU
		Release|Any CPU = Release|Any CPU
	EndGlobalSection
	GlobalSection(ProjectConfigurationPlatforms) = postSolution
		{8136D82A-64C6-4F63-B42B-D8EAE33835EF}.Debug|Any CPU.ActiveCfg = Debug|Any CPU
		{8136D82A-64C6-4F63-B42B-D8EAE33835EF}.Debug|Any CPU.Build.0 = Debug|Any CPU
		{8136D82A-64C6-4F63-B42B-D8EAE33835EF}.Release|Any CPU.ActiveCfg = Release|Any CPU
		{8136D82A-64C6-4F63-B42B-D8EAE33835EF}.Release|Any CPU.Build.0 = Release|Any CPU
		{446349E8-00E5-4CB7-93C6-2D93F96CA615}.Debug|Any CPU.ActiveCfg = Debug|Any CPU
		{446349E8-00E5-4CB7-93C6-2D93F96CA615}.Debug|Any CPU.Build.0 = Debug|Any CPU
		{446349E8-00E5-4CB7-93C6-2D93F96CA615}.Release|Any CPU.ActiveCfg = Release|Any CPU
		{446349E8-00E5-4CB7-93C6-2D93F96CA615}.Release|Any CPU.Build.0 = Release|Any CPU
		{DEC1EC4D-1895-4737-BAE4-8B83F2FA0778}.Debug|Any CPU.ActiveCfg = Debug|Any CPU
		{DEC1EC4D-1895-4737-BAE4-8B83F2FA0778}.Debug|Any CPU.Build.0 = Debug|Any CPU
		{DEC1EC4D-1895-4737-BAE4-8B83F2FA0778}.Release|Any CPU.ActiveCfg = Release|Any CPU
		{DEC1EC4D-1895-4737-BAE4-8B83F2FA0778}.Release|Any CPU.Build.0 = Release|Any CPU
		{1B3FFE81-BA9C-442B-8FFF-82A18493C9EA}.Debug|Any CPU.ActiveCfg = Debug|Any CPU
		{1B3FFE81-BA9C-442B-8FFF-82A18493C9EA}.Debug|Any CPU.Build.0 = Debug|Any CPU
		{1B3FFE81-BA9C-442B-8FFF-82A18493C9EA}.Release|Any CPU.ActiveCfg = Release|Any CPU
		{1B3FFE81-BA9C-442B-8FFF-82A18493C9EA}.Release|Any CPU.Build.0 = Release|Any CPU
		{1A9E1210-196F-4B24-BB02-061456A9A616}.Debug|Any CPU.ActiveCfg = Debug|Any CPU
		{1A9E1210-196F-4B24-BB02-061456A9A616}.Debug|Any CPU.Build.0 = Debug|Any CPU
		{1A9E1210-196F-4B24-BB02-061456A9A616}.Release|Any CPU.ActiveCfg = Release|Any CPU
		{1A9E1210-196F-4B24-BB02-061456A9A616}.Release|Any CPU.Build.0 = Release|Any CPU
		{B48283E8-67D6-4507-9249-B69B1C6FB909}.Debug|Any CPU.ActiveCfg = Debug|Any CPU
		{B48283E8-67D6-4507-9249-B69B1C6FB909}.Debug|Any CPU.Build.0 = Debug|Any CPU
		{B48283E8-67D6-4507-9249-B69B1C6FB909}.Release|Any CPU.ActiveCfg = Release|Any CPU
		{B48283E8-67D6-4507-9249-B69B1C6FB909}.Release|Any CPU.Build.0 = Release|Any CPU
		{FD80B26A-8DC8-43F8-A8B9-B4AB79187CAE}.Debug|Any CPU.ActiveCfg = Debug|Any CPU
		{FD80B26A-8DC8-43F8-A8B9-B4AB79187CAE}.Debug|Any CPU.Build.0 = Debug|Any CPU
		{FD80B26A-8DC8-43F8-A8B9-B4AB79187CAE}.Release|Any CPU.ActiveCfg = Release|Any CPU
		{FD80B26A-8DC8-43F8-A8B9-B4AB79187CAE}.Release|Any CPU.Build.0 = Release|Any CPU
		{165BB7A6-69C7-49D7-BC09-558910651405}.Debug|Any CPU.ActiveCfg = Debug|Any CPU
		{165BB7A6-69C7-49D7-BC09-558910651405}.Debug|Any CPU.Build.0 = Debug|Any CPU
		{165BB7A6-69C7-49D7-BC09-558910651405}.Release|Any CPU.ActiveCfg = Release|Any CPU
		{165BB7A6-69C7-49D7-BC09-558910651405}.Release|Any CPU.Build.0 = Release|Any CPU
		{41D6275D-96F5-47D0-9DC1-0F512123AA25}.Debug|Any CPU.ActiveCfg = Debug|Any CPU
		{41D6275D-96F5-47D0-9DC1-0F512123AA25}.Debug|Any CPU.Build.0 = Debug|Any CPU
		{41D6275D-96F5-47D0-9DC1-0F512123AA25}.Release|Any CPU.ActiveCfg = Release|Any CPU
		{41D6275D-96F5-47D0-9DC1-0F512123AA25}.Release|Any CPU.Build.0 = Release|Any CPU
		{19DC5D1D-2C0D-461C-99C6-304E0F1E86F4}.Debug|Any CPU.ActiveCfg = Debug|Any CPU
		{19DC5D1D-2C0D-461C-99C6-304E0F1E86F4}.Debug|Any CPU.Build.0 = Debug|Any CPU
		{19DC5D1D-2C0D-461C-99C6-304E0F1E86F4}.Release|Any CPU.ActiveCfg = Release|Any CPU
		{19DC5D1D-2C0D-461C-99C6-304E0F1E86F4}.Release|Any CPU.Build.0 = Release|Any CPU
		{64CD8AFA-5A2A-4DC2-9A48-A2181724EA46}.Debug|Any CPU.ActiveCfg = Debug|Any CPU
		{64CD8AFA-5A2A-4DC2-9A48-A2181724EA46}.Debug|Any CPU.Build.0 = Debug|Any CPU
		{64CD8AFA-5A2A-4DC2-9A48-A2181724EA46}.Release|Any CPU.ActiveCfg = Release|Any CPU
		{64CD8AFA-5A2A-4DC2-9A48-A2181724EA46}.Release|Any CPU.Build.0 = Release|Any CPU
		{C951BD1D-2883-4C26-B71E-C6E821D933D9}.Debug|Any CPU.ActiveCfg = Debug|Any CPU
		{C951BD1D-2883-4C26-B71E-C6E821D933D9}.Debug|Any CPU.Build.0 = Debug|Any CPU
		{C951BD1D-2883-4C26-B71E-C6E821D933D9}.Release|Any CPU.ActiveCfg = Release|Any CPU
		{C951BD1D-2883-4C26-B71E-C6E821D933D9}.Release|Any CPU.Build.0 = Release|Any CPU
		{618B2A12-CC7F-49AE-8A73-C890C38CD4A4}.Debug|Any CPU.ActiveCfg = Debug|Any CPU
		{618B2A12-CC7F-49AE-8A73-C890C38CD4A4}.Debug|Any CPU.Build.0 = Debug|Any CPU
		{618B2A12-CC7F-49AE-8A73-C890C38CD4A4}.Release|Any CPU.ActiveCfg = Release|Any CPU
		{618B2A12-CC7F-49AE-8A73-C890C38CD4A4}.Release|Any CPU.Build.0 = Release|Any CPU
		{F9ECBA0A-B82A-46FE-9EAE-D43671FC2762}.Debug|Any CPU.ActiveCfg = Debug|Any CPU
		{F9ECBA0A-B82A-46FE-9EAE-D43671FC2762}.Debug|Any CPU.Build.0 = Debug|Any CPU
		{F9ECBA0A-B82A-46FE-9EAE-D43671FC2762}.Release|Any CPU.ActiveCfg = Release|Any CPU
		{F9ECBA0A-B82A-46FE-9EAE-D43671FC2762}.Release|Any CPU.Build.0 = Release|Any CPU
		{B32E6C47-8D70-4104-9559-4078627013C9}.Debug|Any CPU.ActiveCfg = Debug|Any CPU
		{B32E6C47-8D70-4104-9559-4078627013C9}.Debug|Any CPU.Build.0 = Debug|Any CPU
		{B32E6C47-8D70-4104-9559-4078627013C9}.Release|Any CPU.ActiveCfg = Release|Any CPU
		{B32E6C47-8D70-4104-9559-4078627013C9}.Release|Any CPU.Build.0 = Release|Any CPU
		{988AAC08-C40D-46C1-BD08-E24029BE0379}.Debug|Any CPU.ActiveCfg = Debug|Any CPU
		{988AAC08-C40D-46C1-BD08-E24029BE0379}.Debug|Any CPU.Build.0 = Debug|Any CPU
		{988AAC08-C40D-46C1-BD08-E24029BE0379}.Release|Any CPU.ActiveCfg = Release|Any CPU
		{988AAC08-C40D-46C1-BD08-E24029BE0379}.Release|Any CPU.Build.0 = Release|Any CPU
		{F3E0D6D6-68FB-45FD-8314-95180F0DD6C9}.Debug|Any CPU.ActiveCfg = Debug|Any CPU
		{F3E0D6D6-68FB-45FD-8314-95180F0DD6C9}.Debug|Any CPU.Build.0 = Debug|Any CPU
		{F3E0D6D6-68FB-45FD-8314-95180F0DD6C9}.Release|Any CPU.ActiveCfg = Release|Any CPU
		{F3E0D6D6-68FB-45FD-8314-95180F0DD6C9}.Release|Any CPU.Build.0 = Release|Any CPU
		{D67A5761-0E08-4970-8F55-50974A884FC6}.Debug|Any CPU.ActiveCfg = Debug|Any CPU
		{D67A5761-0E08-4970-8F55-50974A884FC6}.Debug|Any CPU.Build.0 = Debug|Any CPU
		{D67A5761-0E08-4970-8F55-50974A884FC6}.Release|Any CPU.ActiveCfg = Release|Any CPU
		{D67A5761-0E08-4970-8F55-50974A884FC6}.Release|Any CPU.Build.0 = Release|Any CPU
		{6AA822F8-118D-487D-AF4B-94B3A00FDA0A}.Debug|Any CPU.ActiveCfg = Debug|Any CPU
		{6AA822F8-118D-487D-AF4B-94B3A00FDA0A}.Debug|Any CPU.Build.0 = Debug|Any CPU
		{6AA822F8-118D-487D-AF4B-94B3A00FDA0A}.Release|Any CPU.ActiveCfg = Release|Any CPU
		{6AA822F8-118D-487D-AF4B-94B3A00FDA0A}.Release|Any CPU.Build.0 = Release|Any CPU
		{F00386B9-3C9E-4E41-9CDF-A6F0A21D369C}.Debug|Any CPU.ActiveCfg = Debug|Any CPU
		{F00386B9-3C9E-4E41-9CDF-A6F0A21D369C}.Debug|Any CPU.Build.0 = Debug|Any CPU
		{F00386B9-3C9E-4E41-9CDF-A6F0A21D369C}.Release|Any CPU.ActiveCfg = Release|Any CPU
		{F00386B9-3C9E-4E41-9CDF-A6F0A21D369C}.Release|Any CPU.Build.0 = Release|Any CPU
		{E7564E5D-4E00-4D73-B605-87182399AA97}.Debug|Any CPU.ActiveCfg = Debug|Any CPU
		{E7564E5D-4E00-4D73-B605-87182399AA97}.Debug|Any CPU.Build.0 = Debug|Any CPU
		{E7564E5D-4E00-4D73-B605-87182399AA97}.Release|Any CPU.ActiveCfg = Release|Any CPU
		{E7564E5D-4E00-4D73-B605-87182399AA97}.Release|Any CPU.Build.0 = Release|Any CPU
		{BB7FBDCB-2F8E-4F09-AB95-BBE2D0B28E1E}.Debug|Any CPU.ActiveCfg = Debug|Any CPU
		{BB7FBDCB-2F8E-4F09-AB95-BBE2D0B28E1E}.Debug|Any CPU.Build.0 = Debug|Any CPU
		{BB7FBDCB-2F8E-4F09-AB95-BBE2D0B28E1E}.Release|Any CPU.ActiveCfg = Release|Any CPU
		{BB7FBDCB-2F8E-4F09-AB95-BBE2D0B28E1E}.Release|Any CPU.Build.0 = Release|Any CPU
		{A597F160-3FF2-4A4E-A156-5AEAE1241F22}.Debug|Any CPU.ActiveCfg = Debug|Any CPU
		{A597F160-3FF2-4A4E-A156-5AEAE1241F22}.Debug|Any CPU.Build.0 = Debug|Any CPU
		{A597F160-3FF2-4A4E-A156-5AEAE1241F22}.Release|Any CPU.ActiveCfg = Release|Any CPU
		{A597F160-3FF2-4A4E-A156-5AEAE1241F22}.Release|Any CPU.Build.0 = Release|Any CPU
		{6555872F-60E0-4424-87B5-01EF702F2C1D}.Debug|Any CPU.ActiveCfg = Debug|Any CPU
		{6555872F-60E0-4424-87B5-01EF702F2C1D}.Debug|Any CPU.Build.0 = Debug|Any CPU
		{6555872F-60E0-4424-87B5-01EF702F2C1D}.Release|Any CPU.ActiveCfg = Release|Any CPU
		{6555872F-60E0-4424-87B5-01EF702F2C1D}.Release|Any CPU.Build.0 = Release|Any CPU
		{BC873CFF-6635-4378-AB36-ABC34D977B19}.Debug|Any CPU.ActiveCfg = Debug|Any CPU
		{BC873CFF-6635-4378-AB36-ABC34D977B19}.Debug|Any CPU.Build.0 = Debug|Any CPU
		{BC873CFF-6635-4378-AB36-ABC34D977B19}.Release|Any CPU.ActiveCfg = Release|Any CPU
		{BC873CFF-6635-4378-AB36-ABC34D977B19}.Release|Any CPU.Build.0 = Release|Any CPU
	EndGlobalSection
	GlobalSection(SolutionProperties) = preSolution
		HideSolutionNode = FALSE
	EndGlobalSection
	GlobalSection(NestedProjects) = preSolution
		{8136D82A-64C6-4F63-B42B-D8EAE33835EF} = {9DC063C5-F194-46F5-BA53-F97E6EA3D289}
		{446349E8-00E5-4CB7-93C6-2D93F96CA615} = {9DC063C5-F194-46F5-BA53-F97E6EA3D289}
		{DEC1EC4D-1895-4737-BAE4-8B83F2FA0778} = {9DC063C5-F194-46F5-BA53-F97E6EA3D289}
		{1B3FFE81-BA9C-442B-8FFF-82A18493C9EA} = {37116537-F703-4CB4-A743-2C80ED41E9BD}
		{1A9E1210-196F-4B24-BB02-061456A9A616} = {37116537-F703-4CB4-A743-2C80ED41E9BD}
		{B48283E8-67D6-4507-9249-B69B1C6FB909} = {1AE6A418-E841-49C3-A3E7-7B92CC9364E4}
		{FD80B26A-8DC8-43F8-A8B9-B4AB79187CAE} = {1AE6A418-E841-49C3-A3E7-7B92CC9364E4}
		{165BB7A6-69C7-49D7-BC09-558910651405} = {1AE6A418-E841-49C3-A3E7-7B92CC9364E4}
		{41D6275D-96F5-47D0-9DC1-0F512123AA25} = {37116537-F703-4CB4-A743-2C80ED41E9BD}
		{19DC5D1D-2C0D-461C-99C6-304E0F1E86F4} = {29B04EB1-6CEA-4DC7-B411-09ADF3383950}
		{64CD8AFA-5A2A-4DC2-9A48-A2181724EA46} = {29B04EB1-6CEA-4DC7-B411-09ADF3383950}
		{C951BD1D-2883-4C26-B71E-C6E821D933D9} = {29B04EB1-6CEA-4DC7-B411-09ADF3383950}
		{618B2A12-CC7F-49AE-8A73-C890C38CD4A4} = {295CD579-D9EE-4AD0-9C55-43480CADE98D}
		{F9ECBA0A-B82A-46FE-9EAE-D43671FC2762} = {295CD579-D9EE-4AD0-9C55-43480CADE98D}
		{B32E6C47-8D70-4104-9559-4078627013C9} = {295CD579-D9EE-4AD0-9C55-43480CADE98D}
		{F3E0D6D6-68FB-45FD-8314-95180F0DD6C9} = {F4A8D852-421F-42D7-8085-172F90E063D3}
		{D67A5761-0E08-4970-8F55-50974A884FC6} = {F4A8D852-421F-42D7-8085-172F90E063D3}
		{6AA822F8-118D-487D-AF4B-94B3A00FDA0A} = {F4A8D852-421F-42D7-8085-172F90E063D3}
		{F00386B9-3C9E-4E41-9CDF-A6F0A21D369C} = {FE492FE5-3D5D-428F-9B2A-9F13544820E3}
		{E7564E5D-4E00-4D73-B605-87182399AA97} = {FE492FE5-3D5D-428F-9B2A-9F13544820E3}
		{BB7FBDCB-2F8E-4F09-AB95-BBE2D0B28E1E} = {FE492FE5-3D5D-428F-9B2A-9F13544820E3}
		{A597F160-3FF2-4A4E-A156-5AEAE1241F22} = {04E4F8B2-8325-4D63-B25D-8B351495A608}
		{6555872F-60E0-4424-87B5-01EF702F2C1D} = {04E4F8B2-8325-4D63-B25D-8B351495A608}
		{BC873CFF-6635-4378-AB36-ABC34D977B19} = {04E4F8B2-8325-4D63-B25D-8B351495A608}
	EndGlobalSection
	GlobalSection(ExtensibilityGlobals) = postSolution
		SolutionGuid = {067EA019-584D-49A8-BFCF-6376C9005D4E}
	EndGlobalSection
EndGlobal
